{
    "version": 3,
    "terraform_version": "0.11.7",
    "serial": 3,
    "lineage": "fec6767f-ba3d-5314-97db-11518e07f4f9",
    "modules": [
        {
            "path": [
                "root"
            ],
            "outputs": {},
            "resources": {
                "digitalocean_droplet.trtldmn1": {
                    "type": "digitalocean_droplet",
                    "depends_on": [],
                    "primary": {
                        "id": "110304402",
                        "attributes": {
                            "disk": "20",
                            "id": "110304402",
                            "image": "docker-16-04",
                            "ipv4_address": "104.248.118.77",
                            "locked": "false",
                            "name": "trtldmn1",
                            "price_hourly": "0.00744",
                            "price_monthly": "5",
                            "region": "nyc1",
                            "resize_disk": "true",
                            "size": "512mb",
                            "ssh_keys.#": "1",
                            "ssh_keys.0": "43:68:ff:14:66:20:d0:e3:cd:89:09:a2:51:71:98:74",
                            "status": "active",
                            "tags.#": "0",
                            "vcpus": "1"
                        },
                        "meta": {},
                        "tainted": true
                    },
                    "deposed": [],
                    "provider": "provider.digitalocean"
                },
                "digitalocean_ssh_key.do_ssh_keys": {
                    "type": "digitalocean_ssh_key",
                    "depends_on": [],
                    "primary": {
                        "id": "22594878",
                        "attributes": {
                            "fingerprint": "43:68:ff:14:66:20:d0:e3:cd:89:09:a2:51:71:98:74",
                            "id": "22594878",
                            "name": "tfkey",
                            "public_key": "ssh-rsa AAAAB3NzaC1yc2EAAAADAQABAAABAQDaZs2btcYyucjU4hiEQsePVaSGpsyxqgFMh2Qf0kW3qTsbXdtdRK4ywCw3CpPwb9RlifGWHMt5XHBUyHdqLx8uoEeY1INVNRHrUVnEVT2rgrovwelg9dY7tFcjHbpJSm6xK4pQC2Qo30wNDOwBB+b5XR3ZzcVm9UPxgrm6R7/2hiHZJ7Vd8EqLfOi5HMOOBNH/cjkD96DcWJ0ibhnvUSXbwRH+07wI/CB4FEBamcbkbC7iM53cLcGR4KwVdZvUGJo5tMvAE6x+p0NBN6FM9OaYfNIQVel7oangzzQG71iTnTSAT/DsY62e/9pzM9gJi/ctG0xaK5h7hlqBL4BCrqnP bradmin@docker1"
                        },
                        "meta": {},
                        "tainted": false
                    },
                    "deposed": [],
                    "provider": "provider.digitalocean"
                }
            },
            "depends_on": []
        }
    ]
}
